
Microsoft Visual Studio Solution File, Format Version 12.00
# Visual Studio Version 17
VisualStudioVersion = 17.0.31903.59
MinimumVisualStudioVersion = 10.0.40219.1
Project("{2150E333-8FDC-42A3-9474-1A3956D46DE8}") = "Old", "Old", "{48DCF74D-3AA9-37DE-8188-E18F574070E8}"
EndProject
Project("{FAE04EC0-301F-11D3-BF4B-00C04F79EFBC}") = "CompatMatrix.Server.Old", "Old\CompatMatrix.Server.Old.csproj", "{958433B7-6B9C-47BD-9CA3-040A3CE9DA04}"
EndProject
Project("{2150E333-8FDC-42A3-9474-1A3956D46DE8}") = "New", "New", "{DBD9A0B3-88AE-3354-D9DB-CEC3722522CE}"
EndProject
Project("{FAE04EC0-301F-11D3-BF4B-00C04F79EFBC}") = "CompatMatrix.Server.New", "New\CompatMatrix.Server.New.csproj", "{776308EC-A775-465C-95BA-BBDB11074962}"
EndProject
Project("{2150E333-8FDC-42A3-9474-1A3956D46DE8}") = "Driver", "Driver", "{A61EF809-8DE7-F541-932B-336E740821C7}"
EndProject
Project("{FAE04EC0-301F-11D3-BF4B-00C04F79EFBC}") = "CompatMatrix.Server.Driver", "Driver\CompatMatrix.Server.Driver.csproj", "{A38F61D5-ACBC-40C5-9EAD-6994FDD79C7F}"
EndProject
Project("{2150E333-8FDC-42A3-9474-1A3956D46DE8}") = "OldWorker", "OldWorker", "{0C609CA6-7045-8A85-5EE8-19B1B9B5B826}"
EndProject
Project("{FAE04EC0-301F-11D3-BF4B-00C04F79EFBC}") = "CompatMatrix.Worker.Old", "OldWorker\CompatMatrix.Worker.Old.csproj", "{869CB02B-0935-408F-A452-D756287F74FA}"
EndProject
Project("{2150E333-8FDC-42A3-9474-1A3956D46DE8}") = "NewWorker", "NewWorker", "{75E4F167-06CC-6090-1E4C-CE4B32611A44}"
EndProject
Project("{FAE04EC0-301F-11D3-BF4B-00C04F79EFBC}") = "CompatMatrix.Worker.New", "NewWorker\CompatMatrix.Worker.New.csproj", "{979FEABA-88FA-4723-BED0-C2D8425DC04E}"
EndProject
Project("{2150E333-8FDC-42A3-9474-1A3956D46DE8}") = "DriverStdio", "DriverStdio", "{CC8BC183-5D96-4A9E-15FA-4C3E691518E7}"
EndProject
Project("{FAE04EC0-301F-11D3-BF4B-00C04F79EFBC}") = "CompatMatrix.Stdio.Driver", "DriverStdio\CompatMatrix.Stdio.Driver.csproj", "{6A2E976F-BEEE-4DE4-A879-84403AB5F8FC}"
EndProject
Project("{2150E333-8FDC-42A3-9474-1A3956D46DE8}") = "Tests", "Tests", "{0AB3BF05-4346-4AA6-1389-037BE0695223}"
EndProject
Project("{FAE04EC0-301F-11D3-BF4B-00C04F79EFBC}") = "CompatMatrix.Server.Tests", "Tests\CompatMatrix.Server.Tests.csproj", "{05366A4F-C753-45F6-A24C-C4E80C1FF00C}"
EndProject
Project("{FAE04EC0-301F-11D3-BF4B-00C04F79EFBC}") = "AlcProbe", "AlcProbe\AlcProbe.csproj", "{70CB6F07-CBAC-4D57-867D-ABB939E8B05C}"
EndProject
Global
	GlobalSection(SolutionConfigurationPlatforms) = preSolution
		Debug|Any CPU = Debug|Any CPU
		Debug|x64 = Debug|x64
		Debug|x86 = Debug|x86
		Release|Any CPU = Release|Any CPU
		Release|x64 = Release|x64
		Release|x86 = Release|x86
	EndGlobalSection
	GlobalSection(ProjectConfigurationPlatforms) = postSolution
		{958433B7-6B9C-47BD-9CA3-040A3CE9DA04}.Debug|Any CPU.ActiveCfg = Debug|Any CPU
		{958433B7-6B9C-47BD-9CA3-040A3CE9DA04}.Debug|Any CPU.Build.0 = Debug|Any CPU
		{958433B7-6B9C-47BD-9CA3-040A3CE9DA04}.Debug|x64.ActiveCfg = Debug|Any CPU
		{958433B7-6B9C-47BD-9CA3-040A3CE9DA04}.Debug|x64.Build.0 = Debug|Any CPU
		{958433B7-6B9C-47BD-9CA3-040A3CE9DA04}.Debug|x86.ActiveCfg = Debug|Any CPU
		{958433B7-6B9C-47BD-9CA3-040A3CE9DA04}.Debug|x86.Build.0 = Debug|Any CPU
		{958433B7-6B9C-47BD-9CA3-040A3CE9DA04}.Release|Any CPU.ActiveCfg = Release|Any CPU
		{958433B7-6B9C-47BD-9CA3-040A3CE9DA04}.Release|Any CPU.Build.0 = Release|Any CPU
		{958433B7-6B9C-47BD-9CA3-040A3CE9DA04}.Release|x64.ActiveCfg = Release|Any CPU
		{958433B7-6B9C-47BD-9CA3-040A3CE9DA04}.Release|x64.Build.0 = Release|Any CPU
		{958433B7-6B9C-47BD-9CA3-040A3CE9DA04}.Release|x86.ActiveCfg = Release|Any CPU
		{958433B7-6B9C-47BD-9CA3-040A3CE9DA04}.Release|x86.Build.0 = Release|Any CPU
		{776308EC-A775-465C-95BA-BBDB11074962}.Debug|Any CPU.ActiveCfg = Debug|Any CPU
		{776308EC-A775-465C-95BA-BBDB11074962}.Debug|Any CPU.Build.0 = Debug|Any CPU
		{776308EC-A775-465C-95BA-BBDB11074962}.Debug|x64.ActiveCfg = Debug|Any CPU
		{776308EC-A775-465C-95BA-BBDB11074962}.Debug|x64.Build.0 = Debug|Any CPU
		{776308EC-A775-465C-95BA-BBDB11074962}.Debug|x86.ActiveCfg = Debug|Any CPU
		{776308EC-A775-465C-95BA-BBDB11074962}.Debug|x86.Build.0 = Debug|Any CPU
		{776308EC-A775-465C-95BA-BBDB11074962}.Release|Any CPU.ActiveCfg = Release|Any CPU
		{776308EC-A775-465C-95BA-BBDB11074962}.Release|Any CPU.Build.0 = Release|Any CPU
		{776308EC-A775-465C-95BA-BBDB11074962}.Release|x64.ActiveCfg = Release|Any CPU
		{776308EC-A775-465C-95BA-BBDB11074962}.Release|x64.Build.0 = Release|Any CPU
		{776308EC-A775-465C-95BA-BBDB11074962}.Release|x86.ActiveCfg = Release|Any CPU
		{776308EC-A775-465C-95BA-BBDB11074962}.Release|x86.Build.0 = Release|Any CPU
		{A38F61D5-ACBC-40C5-9EAD-6994FDD79C7F}.Debug|Any CPU.ActiveCfg = Debug|Any CPU
		{A38F61D5-ACBC-40C5-9EAD-6994FDD79C7F}.Debug|Any CPU.Build.0 = Debug|Any CPU
		{A38F61D5-ACBC-40C5-9EAD-6994FDD79C7F}.Debug|x64.ActiveCfg = Debug|Any CPU
		{A38F61D5-ACBC-40C5-9EAD-6994FDD79C7F}.Debug|x64.Build.0 = Debug|Any CPU
		{A38F61D5-ACBC-40C5-9EAD-6994FDD79C7F}.Debug|x86.ActiveCfg = Debug|Any CPU
		{A38F61D5-ACBC-40C5-9EAD-6994FDD79C7F}.Debug|x86.Build.0 = Debug|Any CPU
		{A38F61D5-ACBC-40C5-9EAD-6994FDD79C7F}.Release|Any CPU.ActiveCfg = Release|Any CPU
		{A38F61D5-ACBC-40C5-9EAD-6994FDD79C7F}.Release|Any CPU.Build.0 = Release|Any CPU
		{A38F61D5-ACBC-40C5-9EAD-6994FDD79C7F}.Release|x64.ActiveCfg = Release|Any CPU
		{A38F61D5-ACBC-40C5-9EAD-6994FDD79C7F}.Release|x64.Build.0 = Release|Any CPU
		{A38F61D5-ACBC-40C5-9EAD-6994FDD79C7F}.Release|x86.ActiveCfg = Release|Any CPU
		{A38F61D5-ACBC-40C5-9EAD-6994FDD79C7F}.Release|x86.Build.0 = Release|Any CPU
		{869CB02B-0935-408F-A452-D756287F74FA}.Debug|Any CPU.ActiveCfg = Debug|Any CPU
		{869CB02B-0935-408F-A452-D756287F74FA}.Debug|Any CPU.Build.0 = Debug|Any CPU
		{869CB02B-0935-408F-A452-D756287F74FA}.Debug|x64.ActiveCfg = Debug|Any CPU
		{869CB02B-0935-408F-A452-D756287F74FA}.Debug|x64.Build.0 = Debug|Any CPU
		{869CB02B-0935-408F-A452-D756287F74FA}.Debug|x86.ActiveCfg = Debug|Any CPU
		{869CB02B-0935-408F-A452-D756287F74FA}.Debug|x86.Build.0 = Debug|Any CPU
		{869CB02B-0935-408F-A452-D756287F74FA}.Release|Any CPU.ActiveCfg = Release|Any CPU
		{869CB02B-0935-408F-A452-D756287F74FA}.Release|Any CPU.Build.0 = Release|Any CPU
		{869CB02B-0935-408F-A452-D756287F74FA}.Release|x64.ActiveCfg = Release|Any CPU
		{869CB02B-0935-408F-A452-D756287F74FA}.Release|x64.Build.0 = Release|Any CPU
		{869CB02B-0935-408F-A452-D756287F74FA}.Release|x86.ActiveCfg = Release|Any CPU
		{869CB02B-0935-408F-A452-D756287F74FA}.Release|x86.Build.0 = Release|Any CPU
		{979FEABA-88FA-4723-BED0-C2D8425DC04E}.Debug|Any CPU.ActiveCfg = Debug|Any CPU
		{979FEABA-88FA-4723-BED0-C2D8425DC04E}.Debug|Any CPU.Build.0 = Debug|Any CPU
		{979FEABA-88FA-4723-BED0-C2D8425DC04E}.Debug|x64.ActiveCfg = Debug|Any CPU
		{979FEABA-88FA-4723-BED0-C2D8425DC04E}.Debug|x64.Build.0 = Debug|Any CPU
		{979FEABA-88FA-4723-BED0-C2D8425DC04E}.Debug|x86.ActiveCfg = Debug|Any CPU
		{979FEABA-88FA-4723-BED0-C2D8425DC04E}.Debug|x86.Build.0 = Debug|Any CPU
		{979FEABA-88FA-4723-BED0-C2D8425DC04E}.Release|Any CPU.ActiveCfg = Release|Any CPU
		{979FEABA-88FA-4723-BED0-C2D8425DC04E}.Release|Any CPU.Build.0 = Release|Any CPU
		{979FEABA-88FA-4723-BED0-C2D8425DC04E}.Release|x64.ActiveCfg = Release|Any CPU
		{979FEABA-88FA-4723-BED0-C2D8425DC04E}.Release|x64.Build.0 = Release|Any CPU
		{979FEABA-88FA-4723-BED0-C2D8425DC04E}.Release|x86.ActiveCfg = Release|Any CPU
		{979FEABA-88FA-4723-BED0-C2D8425DC04E}.Release|x86.Build.0 = Release|Any CPU
		{6A2E976F-BEEE-4DE4-A879-84403AB5F8FC}.Debug|Any CPU.ActiveCfg = Debug|Any CPU
		{6A2E976F-BEEE-4DE4-A879-84403AB5F8FC}.Debug|Any CPU.Build.0 = Debug|Any CPU
		{6A2E976F-BEEE-4DE4-A879-84403AB5F8FC}.Debug|x64.ActiveCfg = Debug|Any CPU
		{6A2E976F-BEEE-4DE4-A879-84403AB5F8FC}.Debug|x64.Build.0 = Debug|Any CPU
		{6A2E976F-BEEE-4DE4-A879-84403AB5F8FC}.Debug|x86.ActiveCfg = Debug|Any CPU
		{6A2E976F-BEEE-4DE4-A879-84403AB5F8FC}.Debug|x86.Build.0 = Debug|Any CPU
		{6A2E976F-BEEE-4DE4-A879-84403AB5F8FC}.Release|Any CPU.ActiveCfg = Release|Any CPU
		{6A2E976F-BEEE-4DE4-A879-84403AB5F8FC}.Release|Any CPU.Build.0 = Release|Any CPU
		{6A2E976F-BEEE-4DE4-A879-84403AB5F8FC}.Release|x64.ActiveCfg = Release|Any CPU
		{6A2E976F-BEEE-4DE4-A879-84403AB5F8FC}.Release|x64.Build.0 = Release|Any CPU
		{6A2E976F-BEEE-4DE4-A879-84403AB5F8FC}.Release|x86.ActiveCfg = Release|Any CPU
		{6A2E976F-BEEE-4DE4-A879-84403AB5F8FC}.Release|x86.Build.0 = Release|Any CPU
		{05366A4F-C753-45F6-A24C-C4E80C1FF00C}.Debug|Any CPU.ActiveCfg = Debug|Any CPU
		{05366A4F-C753-45F6-A24C-C4E80C1FF00C}.Debug|Any CPU.Build.0 = Debug|Any CPU
		{05366A4F-C753-45F6-A24C-C4E80C1FF00C}.Debug|x64.ActiveCfg = Debug|Any CPU
		{05366A4F-C753-45F6-A24C-C4E80C1FF00C}.Debug|x64.Build.0 = Debug|Any CPU
		{05366A4F-C753-45F6-A24C-C4E80C1FF00C}.Debug|x86.ActiveCfg = Debug|Any CPU
		{05366A4F-C753-45F6-A24C-C4E80C1FF00C}.Debug|x86.Build.0 = Debug|Any CPU
		{05366A4F-C753-45F6-A24C-C4E80C1FF00C}.Release|Any CPU.ActiveCfg = Release|Any CPU
		{05366A4F-C753-45F6-A24C-C4E80C1FF00C}.Release|Any CPU.Build.0 = Release|Any CPU
		{05366A4F-C753-45F6-A24C-C4E80C1FF00C}.Release|x64.ActiveCfg = Release|Any CPU
		{05366A4F-C753-45F6-A24C-C4E80C1FF00C}.Release|x64.Build.0 = Release|Any CPU
		{05366A4F-C753-45F6-A24C-C4E80C1FF00C}.Release|x86.ActiveCfg = Release|Any CPU
		{05366A4F-C753-45F6-A24C-C4E80C1FF00C}.Release|x86.Build.0 = Release|Any CPU
		{70CB6F07-CBAC-4D57-867D-ABB939E8B05C}.Debug|Any CPU.ActiveCfg = Debug|Any CPU
		{70CB6F07-CBAC-4D57-867D-ABB939E8B05C}.Debug|Any CPU.Build.0 = Debug|Any CPU
		{70CB6F07-CBAC-4D57-867D-ABB939E8B05C}.Debug|x64.ActiveCfg = Debug|Any CPU
		{70CB6F07-CBAC-4D57-867D-ABB939E8B05C}.Debug|x64.Build.0 = Debug|Any CPU
		{70CB6F07-CBAC-4D57-867D-ABB939E8B05C}.Debug|x86.ActiveCfg = Debug|Any CPU
		{70CB6F07-CBAC-4D57-867D-ABB939E8B05C}.Debug|x86.Build.0 = Debug|Any CPU
		{70CB6F07-CBAC-4D57-867D-ABB939E8B05C}.Release|Any CPU.ActiveCfg = Release|Any CPU
		{70CB6F07-CBAC-4D57-867D-ABB939E8B05C}.Release|Any CPU.Build.0 = Release|Any CPU
		{70CB6F07-CBAC-4D57-867D-ABB939E8B05C}.Release|x64.ActiveCfg = Release|Any CPU
		{70CB6F07-CBAC-4D57-867D-ABB939E8B05C}.Release|x64.Build.0 = Release|Any CPU
		{70CB6F07-CBAC-4D57-867D-ABB939E8B05C}.Release|x86.ActiveCfg = Release|Any CPU
		{70CB6F07-CBAC-4D57-867D-ABB939E8B05C}.Release|x86.Build.0 = Release|Any CPU
	EndGlobalSection
	GlobalSection(SolutionProperties) = preSolution
		HideSolutionNode = FALSE
	EndGlobalSection
	GlobalSection(NestedProjects) = preSolution
		{958433B7-6B9C-47BD-9CA3-040A3CE9DA04} = {48DCF74D-3AA9-37DE-8188-E18F574070E8}
		{776308EC-A775-465C-95BA-BBDB11074962} = {DBD9A0B3-88AE-3354-D9DB-CEC3722522CE}
		{A38F61D5-ACBC-40C5-9EAD-6994FDD79C7F} = {A61EF809-8DE7-F541-932B-336E740821C7}
		{869CB02B-0935-408F-A452-D756287F74FA} = {0C609CA6-7045-8A85-5EE8-19B1B9B5B826}
		{979FEABA-88FA-4723-BED0-C2D8425DC04E} = {75E4F167-06CC-6090-1E4C-CE4B32611A44}
		{6A2E976F-BEEE-4DE4-A879-84403AB5F8FC} = {CC8BC183-5D96-4A9E-15FA-4C3E691518E7}
		{05366A4F-C753-45F6-A24C-C4E80C1FF00C} = {0AB3BF05-4346-4AA6-1389-037BE0695223}
	EndGlobalSection
EndGlobal
